
Microsoft Visual Studio Solution File, Format Version 12.00
# Visual Studio 15
VisualStudioVersion = 15.0.28010.2036
MinimumVisualStudioVersion = 10.0.40219.1
Project("{FAE04EC0-301F-11D3-BF4B-00C04F79EFBC}") = "EyeTracker", "EyeTracker\EyeTracker.csproj", "{C8E5940B-AF37-4CA4-BBE2-8D12C4D6CE10}"
EndProject
Global
	GlobalSection(SolutionConfigurationPlatforms) = preSolution
		Debug|Any CPU = Debug|Any CPU
		Release|Any CPU = Release|Any CPU
	EndGlobalSection
	GlobalSection(ProjectConfigurationPlatforms) = postSolution
		{C8E5940B-AF37-4CA4-BBE2-8D12C4D6CE10}.Debug|Any CPU.ActiveCfg = Debug|Any CPU
		{C8E5940B-AF37-4CA4-BBE2-8D12C4D6CE10}.Debug|Any CPU.Build.0 = Debug|Any CPU
		{C8E5940B-AF37-4CA4-BBE2-8D12C4D6CE10}.Release|Any CPU.ActiveCfg = Release|Any CPU
		{C8E5940B-AF37-4CA4-BBE2-8D12C4D6CE10}.Release|Any CPU.Build.0 = Release|Any CPU
	EndGlobalSection
	GlobalSection(SolutionProperties) = preSolution
		HideSolutionNode = FALSE
	EndGlobalSection
	GlobalSection(ExtensibilityGlobals) = postSolution
		SolutionGuid = {1206FBBF-079A-4D76-AD9E-96E1D205B205}
	EndGlobalSection
EndGlobal
